
Microsoft Visual Studio Solution File, Format Version 11.00
# Visual Studio 2010
Project("{FAE04EC0-301F-11D3-BF4B-00C04F79EFBC}") = "CallBridgeClient", "CallBridgeClient\CallBridgeClient.csproj", "{BFCE9E43-CCDF-456F-8569-952FFB1CE4BA}"
	ProjectSection(ProjectDependencies) = postProject
		{43AA1165-A485-4BA3-AC94-8EAABF8E6967} = {43AA1165-A485-4BA3-AC94-8EAABF8E6967}
	EndProjectSection
EndProject
Project("{FAE04EC0-301F-11D3-BF4B-00C04F79EFBC}") = "CallBridgeGameLogic", "CallBridgeGameLogic\CallBridgeGameLogic.csproj", "{3C6B2EC0-4603-41CB-BE19-91045A53A4B9}"
EndProject
Project("{FAE04EC0-301F-11D3-BF4B-00C04F79EFBC}") = "CallBridgeMainGameForm", "CallBridgeMainGameForm\CallBridgeMainGameForm.csproj", "{F7E1DF71-ABFC-449A-9C62-B4DA7D49FC9B}"
EndProject
Project("{FAE04EC0-301F-11D3-BF4B-00C04F79EFBC}") = "CallBridgeServer", "CallBridgeServer\CallBridgeServer.csproj", "{A99C5FCE-6945-4DE4-A3F8-933C82E3468B}"
EndProject
Project("{FAE04EC0-301F-11D3-BF4B-00C04F79EFBC}") = "CallBridgeServerLibrary", "CallBridgeServerLibrary\CallBridgeServerLibrary.csproj", "{AB01CFD3-5E58-49FB-9686-D0EB470C1504}"
EndProject
Project("{FAE04EC0-301F-11D3-BF4B-00C04F79EFBC}") = "GameEntity", "GameEntity\GameEntity.csproj", "{A569CBB9-F9C6-434C-BD0A-C83AC63667D7}"
EndProject
Project("{FAE04EC0-301F-11D3-BF4B-00C04F79EFBC}") = "UtilityBox", "UtilityBox\UtilityBox.csproj", "{E7B2AC07-BA02-4156-BE52-F68D3E965BC3}"
EndProject
Project("{FAE04EC0-301F-11D3-BF4B-00C04F79EFBC}") = "CallBridgeClientLibrary", "CallBridgeClientLibrary\CallBridgeClientLibrary.csproj", "{43AA1165-A485-4BA3-AC94-8EAABF8E6967}"
EndProject
Global
	GlobalSection(SolutionConfigurationPlatforms) = preSolution
		Debug|Any CPU = Debug|Any CPU
		Debug|Mixed Platforms = Debug|Mixed Platforms
		Debug|x86 = Debug|x86
		Release|Any CPU = Release|Any CPU
		Release|Mixed Platforms = Release|Mixed Platforms
		Release|x86 = Release|x86
	EndGlobalSection
	GlobalSection(ProjectConfigurationPlatforms) = postSolution
		{BFCE9E43-CCDF-456F-8569-952FFB1CE4BA}.Debug|Any CPU.ActiveCfg = Debug|x86
		{BFCE9E43-CCDF-456F-8569-952FFB1CE4BA}.Debug|Mixed Platforms.ActiveCfg = Debug|x86
		{BFCE9E43-CCDF-456F-8569-952FFB1CE4BA}.Debug|Mixed Platforms.Build.0 = Debug|x86
		{BFCE9E43-CCDF-456F-8569-952FFB1CE4BA}.Debug|x86.ActiveCfg = Debug|x86
		{BFCE9E43-CCDF-456F-8569-952FFB1CE4BA}.Debug|x86.Build.0 = Debug|x86
		{BFCE9E43-CCDF-456F-8569-952FFB1CE4BA}.Release|Any CPU.ActiveCfg = Release|x86
		{BFCE9E43-CCDF-456F-8569-952FFB1CE4BA}.Release|Mixed Platforms.ActiveCfg = Release|x86
		{BFCE9E43-CCDF-456F-8569-952FFB1CE4BA}.Release|Mixed Platforms.Build.0 = Release|x86
		{BFCE9E43-CCDF-456F-8569-952FFB1CE4BA}.Release|x86.ActiveCfg = Release|x86
		{BFCE9E43-CCDF-456F-8569-952FFB1CE4BA}.Release|x86.Build.0 = Release|x86
		{3C6B2EC0-4603-41CB-BE19-91045A53A4B9}.Debug|Any CPU.ActiveCfg = Debug|Any CPU
		{3C6B2EC0-4603-41CB-BE19-91045A53A4B9}.Debug|Any CPU.Build.0 = Debug|Any CPU
		{3C6B2EC0-4603-41CB-BE19-91045A53A4B9}.Debug|Mixed Platforms.ActiveCfg = Debug|Any CPU
		{3C6B2EC0-4603-41CB-BE19-91045A53A4B9}.Debug|Mixed Platforms.Build.0 = Debug|Any CPU
		{3C6B2EC0-4603-41CB-BE19-91045A53A4B9}.Debug|x86.ActiveCfg = Debug|Any CPU
		{3C6B2EC0-4603-41CB-BE19-91045A53A4B9}.Release|Any CPU.ActiveCfg = Release|Any CPU
		{3C6B2EC0-4603-41CB-BE19-91045A53A4B9}.Release|Any CPU.Build.0 = Release|Any CPU
		{3C6B2EC0-4603-41CB-BE19-91045A53A4B9}.Release|Mixed Platforms.ActiveCfg = Release|Any CPU
		{3C6B2EC0-4603-41CB-BE19-91045A53A4B9}.Release|Mixed Platforms.Build.0 = Release|Any CPU
		{3C6B2EC0-4603-41CB-BE19-91045A53A4B9}.Release|x86.ActiveCfg = Release|Any CPU
		{F7E1DF71-ABFC-449A-9C62-B4DA7D49FC9B}.Debug|Any CPU.ActiveCfg = Debug|Any CPU
		{F7E1DF71-ABFC-449A-9C62-B4DA7D49FC9B}.Debug|Any CPU.Build.0 = Debug|Any CPU
		{F7E1DF71-ABFC-449A-9C62-B4DA7D49FC9B}.Debug|Mixed Platforms.ActiveCfg = Debug|Any CPU
		{F7E1DF71-ABFC-449A-9C62-B4DA7D49FC9B}.Debug|Mixed Platforms.Build.0 = Debug|Any CPU
		{F7E1DF71-ABFC-449A-9C62-B4DA7D49FC9B}.Debug|x86.ActiveCfg = Debug|Any CPU
		{F7E1DF71-ABFC-449A-9C62-B4DA7D49FC9B}.Release|Any CPU.ActiveCfg = Release|Any CPU
		{F7E1DF71-ABFC-449A-9C62-B4DA7D49FC9B}.Release|Any CPU.Build.0 = Release|Any CPU
		{F7E1DF71-ABFC-449A-9C62-B4DA7D49FC9B}.Release|Mixed Platforms.ActiveCfg = Release|Any CPU
		{F7E1DF71-ABFC-449A-9C62-B4DA7D49FC9B}.Release|Mixed Platforms.Build.0 = Release|Any CPU
		{F7E1DF71-ABFC-449A-9C62-B4DA7D49FC9B}.Release|x86.ActiveCfg = Release|Any CPU
		{A99C5FCE-6945-4DE4-A3F8-933C82E3468B}.Debug|Any CPU.ActiveCfg = Debug|x86
		{A99C5FCE-6945-4DE4-A3F8-933C82E3468B}.Debug|Mixed Platforms.ActiveCfg = Debug|x86
		{A99C5FCE-6945-4DE4-A3F8-933C82E3468B}.Debug|Mixed Platforms.Build.0 = Debug|x86
		{A99C5FCE-6945-4DE4-A3F8-933C82E3468B}.Debug|x86.ActiveCfg = Debug|x86
		{A99C5FCE-6945-4DE4-A3F8-933C82E3468B}.Debug|x86.Build.0 = Debug|x86
		{A99C5FCE-6945-4DE4-A3F8-933C82E3468B}.Release|Any CPU.ActiveCfg = Release|x86
		{A99C5FCE-6945-4DE4-A3F8-933C82E3468B}.Release|Mixed Platforms.ActiveCfg = Release|x86
		{A99C5FCE-6945-4DE4-A3F8-933C82E3468B}.Release|Mixed Platforms.Build.0 = Release|x86
		{A99C5FCE-6945-4DE4-A3F8-933C82E3468B}.Release|x86.ActiveCfg = Release|x86
		{A99C5FCE-6945-4DE4-A3F8-933C82E3468B}.Release|x86.Build.0 = Release|x86
		{AB01CFD3-5E58-49FB-9686-D0EB470C1504}.Debug|Any CPU.ActiveCfg = Debug|x86
		{AB01CFD3-5E58-49FB-9686-D0EB470C1504}.Debug|Mixed Platforms.ActiveCfg = Debug|x86
		{AB01CFD3-5E58-49FB-9686-D0EB470C1504}.Debug|Mixed Platforms.Build.0 = Debug|x86
		{AB01CFD3-5E58-49FB-9686-D0EB470C1504}.Debug|x86.ActiveCfg = Debug|x86
		{AB01CFD3-5E58-49FB-9686-D0EB470C1504}.Debug|x86.Build.0 = Debug|x86
		{AB01CFD3-5E58-49FB-9686-D0EB470C1504}.Release|Any CPU.ActiveCfg = Release|x86
		{AB01CFD3-5E58-49FB-9686-D0EB470C1504}.Release|Mixed Platforms.ActiveCfg = Release|x86
		{AB01CFD3-5E58-49FB-9686-D0EB470C1504}.Release|Mixed Platforms.Build.0 = Release|x86
		{AB01CFD3-5E58-49FB-9686-D0EB470C1504}.Release|x86.ActiveCfg = Release|x86
		{AB01CFD3-5E58-49FB-9686-D0EB470C1504}.Release|x86.Build.0 = Release|x86
		{A569CBB9-F9C6-434C-BD0A-C83AC63667D7}.Debug|Any CPU.ActiveCfg = Debug|Any CPU
		{A569CBB9-F9C6-434C-BD0A-C83AC63667D7}.Debug|Any CPU.Build.0 = Debug|Any CPU
		{A569CBB9-F9C6-434C-BD0A-C83AC63667D7}.Debug|Mixed Platforms.ActiveCfg = Debug|Any CPU
		{A569CBB9-F9C6-434C-BD0A-C83AC63667D7}.Debug|Mixed Platforms.Build.0 = Debug|Any CPU
		{A569CBB9-F9C6-434C-BD0A-C83AC63667D7}.Debug|x86.ActiveCfg = Debug|Any CPU
		{A569CBB9-F9C6-434C-BD0A-C83AC63667D7}.Release|Any CPU.ActiveCfg = Release|Any CPU
		{A569CBB9-F9C6-434C-BD0A-C83AC63667D7}.Release|Any CPU.Build.0 = Release|Any CPU
		{A569CBB9-F9C6-434C-BD0A-C83AC63667D7}.Release|Mixed Platforms.ActiveCfg = Release|Any CPU
		{A569CBB9-F9C6-434C-BD0A-C83AC63667D7}.Release|Mixed Platforms.Build.0 = Release|Any CPU
		{A569CBB9-F9C6-434C-BD0A-C83AC63667D7}.Release|x86.ActiveCfg = Release|Any CPU
		{E7B2AC07-BA02-4156-BE52-F68D3E965BC3}.Debug|Any CPU.ActiveCfg = Debug|Any CPU
		{E7B2AC07-BA02-4156-BE52-F68D3E965BC3}.Debug|Any CPU.Build.0 = Debug|Any CPU
		{E7B2AC07-BA02-4156-BE52-F68D3E965BC3}.Debug|Mixed Platforms.ActiveCfg = Debug|Any CPU
		{E7B2AC07-BA02-4156-BE52-F68D3E965BC3}.Debug|Mixed Platforms.Build.0 = Debug|Any CPU
		{E7B2AC07-BA02-4156-BE52-F68D3E965BC3}.Debug|x86.ActiveCfg = Debug|Any CPU
		{E7B2AC07-BA02-4156-BE52-F68D3E965BC3}.Release|Any CPU.ActiveCfg = Release|Any CPU
		{E7B2AC07-BA02-4156-BE52-F68D3E965BC3}.Release|Any CPU.Build.0 = Release|Any CPU
		{E7B2AC07-BA02-4156-BE52-F68D3E965BC3}.Release|Mixed Platforms.ActiveCfg = Release|Any CPU
		{E7B2AC07-BA02-4156-BE52-F68D3E965BC3}.Release|Mixed Platforms.Build.0 = Release|Any CPU
		{E7B2AC07-BA02-4156-BE52-F68D3E965BC3}.Release|x86.ActiveCfg = Release|Any CPU
		{43AA1165-A485-4BA3-AC94-8EAABF8E6967}.Debug|Any CPU.ActiveCfg = Debug|x86
		{43AA1165-A485-4BA3-AC94-8EAABF8E6967}.Debug|Mixed Platforms.ActiveCfg = Debug|x86
		{43AA1165-A485-4BA3-AC94-8EAABF8E6967}.Debug|Mixed Platforms.Build.0 = Debug|x86
		{43AA1165-A485-4BA3-AC94-8EAABF8E6967}.Debug|x86.ActiveCfg = Debug|x86
		{43AA1165-A485-4BA3-AC94-8EAABF8E6967}.Debug|x86.Build.0 = Debug|x86
		{43AA1165-A485-4BA3-AC94-8EAABF8E6967}.Release|Any CPU.ActiveCfg = Release|x86
		{43AA1165-A485-4BA3-AC94-8EAABF8E6967}.Release|Mixed Platforms.ActiveCfg = Release|x86
		{43AA1165-A485-4BA3-AC94-8EAABF8E6967}.Release|Mixed Platforms.Build.0 = Release|x86
		{43AA1165-A485-4BA3-AC94-8EAABF8E6967}.Release|x86.ActiveCfg = Release|x86
		{43AA1165-A485-4BA3-AC94-8EAABF8E6967}.Release|x86.Build.0 = Release|x86
	EndGlobalSection
	GlobalSection(SolutionProperties) = preSolution
		HideSolutionNode = FALSE
	EndGlobalSection
EndGlobal
